PODS:
  - AdPopcornSSP (2.4.8)
  - AvatyeAdCash (1.1.1):
    - AvatyeAdCash/AdCore (= 1.1.1)
    - AvatyeAdCash/Core (= 1.1.1)
  - AvatyeAdCash/AdCore (1.1.1):
    - AvatyeAdCash/Cauly
  - AvatyeAdCash/Cauly (1.1.1)
  - AvatyeAdCash/Core (1.1.1):
    - AdPopcornSSP (= 2.4.8)

DEPENDENCIES:
  - AvatyeAdCash (~> 1.1.1)

SPEC REPOS:
  https://dl.cloudsmith.io/public/avatye/ios-sdk/cocoapods/index.git:
    - AvatyeAdCash
  https://github.com/CocoaPods/Specs.git:
    - AdPopcornSSP

SPEC CHECKSUMS:
  AdPopcornSSP: f04d0c77a1ad7aaebda413311da949bf039b6e00
  AvatyeAdCash: 68d08ca0fc482b13025524afc275a1d3c7bf10e8

PODFILE CHECKSUM: 0580ae74d20946d0085665b2acbe13181d0689b7

COCOAPODS: 1.12.1
